
Microsoft Visual Studio Solution File, Format Version 12.00
# Visual Studio Version 17
VisualStudioVersion = 17.0.31903.59
MinimumVisualStudioVersion = 10.0.40219.1
Project("{FAE04EC0-301F-11D3-BF4B-00C04F79EFBC}") = "cleaner.Domain", "cleaner.Domain\cleaner.Domain.csproj", "{C9031546-C3E7-4DB5-B8A6-CD81A611EDFA}"
EndProject
Project("{FAE04EC0-301F-11D3-BF4B-00C04F79EFBC}") = "cleaner.Domain.Tests", "cleaner.Domain.Tests\cleaner.Domain.Tests.csproj", "{F677ACA0-441E-40A7-BEC0-4227936E3372}"
EndProject
Project("{FAE04EC0-301F-11D3-BF4B-00C04F79EFBC}") = "cleaner", "cleaner\cleaner.csproj", "{30273392-F9E6-4A8C-BF10-80EF3DAB152C}"
EndProject
Global
	GlobalSection(SolutionConfigurationPlatforms) = preSolution
		Debug|Any CPU = Debug|Any CPU
		Release|Any CPU = Release|Any CPU
	EndGlobalSection
	GlobalSection(SolutionProperties) = preSolution
		HideSolutionNode = FALSE
	EndGlobalSection
	GlobalSection(ProjectConfigurationPlatforms) = postSolution
		{C9031546-C3E7-4DB5-B8A6-CD81A611EDFA}.Debug|Any CPU.ActiveCfg = Debug|Any CPU
		{C9031546-C3E7-4DB5-B8A6-CD81A611EDFA}.Debug|Any CPU.Build.0 = Debug|Any CPU
		{C9031546-C3E7-4DB5-B8A6-CD81A611EDFA}.Release|Any CPU.ActiveCfg = Release|Any CPU
		{C9031546-C3E7-4DB5-B8A6-CD81A611EDFA}.Release|Any CPU.Build.0 = Release|Any CPU
		{F677ACA0-441E-40A7-BEC0-4227936E3372}.Debug|Any CPU.ActiveCfg = Debug|Any CPU
		{F677ACA0-441E-40A7-BEC0-4227936E3372}.Debug|Any CPU.Build.0 = Debug|Any CPU
		{F677ACA0-441E-40A7-BEC0-4227936E3372}.Release|Any CPU.ActiveCfg = Release|Any CPU
		{F677ACA0-441E-40A7-BEC0-4227936E3372}.Release|Any CPU.Build.0 = Release|Any CPU
		{30273392-F9E6-4A8C-BF10-80EF3DAB152C}.Debug|Any CPU.ActiveCfg = Debug|Any CPU
		{30273392-F9E6-4A8C-BF10-80EF3DAB152C}.Debug|Any CPU.Build.0 = Debug|Any CPU
		{30273392-F9E6-4A8C-BF10-80EF3DAB152C}.Release|Any CPU.ActiveCfg = Release|Any CPU
		{30273392-F9E6-4A8C-BF10-80EF3DAB152C}.Release|Any CPU.Build.0 = Release|Any CPU
	EndGlobalSection
EndGlobal
